{
    "_readme": [
        "This file locks the dependencies of your project to a known state",
        "Read more about it at https://getcomposer.org/doc/01-basic-usage.md#installing-dependencies",
        "This file is @generated automatically"
    ],
    "content-hash": "4e2c9b7734074e19a4008bb65e73f0e8",
    "packages": [
        {
            "name": "nemiah/php-fints",
            "version": "3.4.0",
            "source": {
                "type": "git",
                "url": "https://github.com/nemiah/phpFinTS.git",
                "reference": "3cf73b3afbdd2f22a3cce4bde574567c9fc40ee7"
            },
            "dist": {
                "type": "zip",
                "url": "https://api.github.com/repos/nemiah/phpFinTS/zipball/3cf73b3afbdd2f22a3cce4bde574567c9fc40ee7",
                "reference": "3cf73b3afbdd2f22a3cce4bde574567c9fc40ee7",
                "shasum": ""
            },
            "require": {
                "ext-curl": "*",
                "ext-mbstring": "*",
                "php": ">=8.0",
                "psr/log": "^1|^2|^3"
            },
            "require-dev": {
                "friendsofphp/php-cs-fixer": "3.*",
                "php-mock/php-mock-phpunit": "2.6.*",
                "phpunit/phpunit": "9.5.*"
            },
            "suggest": {
                "abcaeffchen/sephpa": "1.*",
                "monolog/monolog": "Allow sending log messages to a variety of different handlers",
                "nemiah/php-sepa-xml": "dev-master"
            },
            "type": "library",
            "autoload": {
                "psr-0": {
                    "Fhp": "lib/",
                    "Tests\\Fhp": "lib/"
                }
            },
            "notification-url": "https://packagist.org/downloads/",
            "license": [
                "MIT"
            ],
            "description": "PHP Library for the protocols fints and hbci",
            "homepage": "https://github.com/nemiah/phpFinTS",
            "support": {
                "issues": "https://github.com/nemiah/phpFinTS/issues",
                "source": "https://github.com/nemiah/phpFinTS/tree/3.4"
            },
            "time": "2023-07-27T15:00:14+00:00"
        },
        {
            "name": "psr/log",
            "version": "3.0.0",
            "source": {
                "type": "git",
                "url": "https://github.com/php-fig/log.git",
                "reference": "fe5ea303b0887d5caefd3d431c3e61ad47037001"
            },
            "dist": {
                "type": "zip",
                "url": "https://api.github.com/repos/php-fig/log/zipball/fe5ea303b0887d5caefd3d431c3e61ad47037001",
                "reference": "fe5ea303b0887d5caefd3d431c3e61ad47037001",
                "shasum": ""
            },
            "require": {
                "php": ">=8.0.0"
            },
            "type": "library",
            "extra": {
                "branch-alias": {
                    "dev-master": "3.x-dev"
                }
            },
            "autoload": {
                "psr-4": {
                    "Psr\\Log\\": "src"
                }
            },
            "notification-url": "https://packagist.org/downloads/",
            "license": [
                "MIT"
            ],
            "authors": [
                {
                    "name": "PHP-FIG",
                    "homepage": "https://www.php-fig.org/"
                }
            ],
            "description": "Common interface for logging libraries",
            "homepage": "https://github.com/php-fig/log",
            "keywords": [
                "log",
                "psr",
                "psr-3"
            ],
            "support": {
                "source": "https://github.com/php-fig/log/tree/3.0.0"
            },
            "time": "2021-07-14T16:46:02+00:00"
        }
    ],
    "packages-dev": [],
    "aliases": [],
    "minimum-stability": "stable",
    "stability-flags": [],
    "prefer-stable": false,
    "prefer-lowest": false,
    "platform": [],
    "platform-dev": [],
    "plugin-api-version": "2.6.0"
}
